{
    "name": "appmon",
    "version": "1.0.27",
    "lockfileVersion": 3,
    "requires": true,
    "packages": {
        "": {
            "name": "appmon",
            "version": "1.0.27",
            "license": "MIT",
            "dependencies": {
                "appmon": "^1.0.24"
            }
        },
        "node_modules/appmon": {
            "version": "1.0.26",
            "resolved": "https://registry.npmjs.org/appmon/-/appmon-1.0.26.tgz",
            "integrity": "sha512-LgAbowi4O7Gv07NXvOA1vhcBWdQlArzIJbdiL2RwjFR/yAY08YClXllDzecFC398SN4KK9Xg+urHJJYOVVz+HA==",
            "dependencies": {
                "appmon": "^1.0.24"
            }
        }
    }
}
